// !$*UTF8*$!
{
	archiveVersion = 1;
	classes = {
	};
	objectVersion = 46;
	objects = {

/* Begin PBXBuildFile section */
		63B15EA91C30C7A400518D5C /* AppDelegate.swift in Sources */ = {isa = PBXBuildFile; fileRef = 63B15EA81C30C7A400518D5C /* AppDelegate.swift */; };
		63B15EAB1C30C7A400518D5C /* ViewController.swift in Sources */ = {isa = PBXBuildFile; fileRef = 63B15EAA1C30C7A400518D5C /* ViewController.swift */; };
		63B15EAE1C30C7A400518D5C /* Main.storyboard in Resources */ = {isa = PBXBuildFile; fileRef = 63B15EAC1C30C7A400518D5C /* Main.storyboard */; };
		63B15EB01C30C7A400518D5C /* Images.xcassets in Resources */ = {isa = PBXBuildFile; fileRef = 63B15EAF1C30C7A400518D5C /* Images.xcassets */; };
		63B15EB31C30C7A400518D5C /* LaunchScreen.xib in Resources */ = {isa = PBXBuildFile; fileRef = 63B15EB11C30C7A400518D5C /* LaunchScreen.xib */; };
		63B15EBF1C30C7A400518D5C /* tipsTests.swift in Sources */ = {isa = PBXBuildFile; fileRef = 63B15EBE1C30C7A400518D5C /* tipsTests.swift */; };
/* End PBXBuildFile section */

/* Begin PBXContainerItemProxy section */
		63B15EB91C30C7A400518D5C /* PBXContainerItemProxy */ = {
			isa = PBXContainerItemProxy;
			containerPortal = 63B15E9B1C30C7A400518D5C /* Project object */;
			proxyType = 1;
			remoteGlobalIDString = 63B15EA21C30C7A400518D5C;
			remoteInfo = tips;
		};
/* End PBXContainerItemProxy section */

/* Begin PBXFileReference section */
		63B15EA31C30C7A400518D5C /* tips.app */ = {isa = PBXFileReference; explicitFileType = wrapper.application; includeInIndex = 0; path = tips.app; sourceTree = BUILT_PRODUCTS_DIR; };
		63B15EA71C30C7A400518D5C /* Info.plist */ = {isa = PBXFileReference; lastKnownFileType = text.plist.xml; path = Info.plist; sourceTree = "<group>"; };
		63B15EA81C30C7A400518D5C /* AppDelegate.swift */ = {isa = PBXFileReference; lastKnownFileType = sourcecode.swift; path = AppDelegate.swift; sourceTree = "<group>"; };
		63B15EAA1C30C7A400518D5C /* ViewController.swift */ = {isa = PBXFileReference; lastKnownFileType = sourcecode.swift; path = ViewController.swift; sourceTree = "<group>"; };
		63B15EAD1C30C7A400518D5C /* Base */ = {isa = PBXFileReference; lastKnownFileType = file.storyboard; name = Base; path = Base.lproj/Main.storyboard; sourceTree = "<group>"; };
		63B15EAF1C30C7A400518D5C /* Images.xcassets */ = {isa = PBXFileReference; lastKnownFileType = folder.assetcatalog; path = Images.xcassets; sourceTree = "<group>"; };
		63B15EB21C30C7A400518D5C /* Base */ = {isa = PBXFileReference; lastKnownFileType = file.xib; name = Base; path = Base.lproj/LaunchScreen.xib; sourceTree = "<group>"; };
		63B15EB81C30C7A400518D5C /* tipsTests.xctest */ = {isa = PBXFileReference; explicitFileType = wrapper.cfbundle; includeInIndex = 0; path = tipsTests.xctest; sourceTree = BUILT_PRODUCTS_DIR; };
		63B15EBD1C30C7A400518D5C /* Info.plist */ = {isa = PBXFileReference; lastKnownFileType = text.plist.xml; path = Info.plist; sourceTree = "<group>"; };
		63B15EBE1C30C7A400518D5C /* tipsTests.swift */ = {isa = PBXFileReference; lastKnownFileType = sourcecode.swift; path = tipsTests.swift; sourceTree = "<group>"; };
/* End PBXFileReference section */

/* Begin PBXFrameworksBuildPhase section */
		63B15EA01C30C7A400518D5C /* Frameworks */ = {
			isa = PBXFrameworksBuildPhase;
			buildActionMask = 2147483647;
			files = (
			);
			runOnlyForDeploymentPostprocessing = 0;
		};
		63B15EB51C30C7A400518D5C /* Frameworks */ = {
			isa = PBXFrameworksBuildPhase;
			buildActionMask = 2147483647;
			files = (
			);
			runOnlyForDeploymentPostprocessing = 0;
		};
/* End PBXFrameworksBuildPhase section */

/* Begin PBXGroup section */
		63B15E9A1C30C7A400518D5C = {
			isa = PBXGroup;
			children = (
				63B15EA51C30C7A400518D5C /* tips */,
				63B15EBB1C30C7A400518D5C /* tipsTests */,
				63B15EA41C30C7A400518D5C /* Products */,
			);
			sourceTree = "<group>";
		};
		63B15EA41C30C7A400518D5C /* Products */ = {
			isa = PBXGroup;
			children = (
				63B15EA31C30C7A400518D5C /* tips.app */,
				63B15EB81C30C7A400518D5C /* tipsTests.xctest */,
			);
			name = Products;
			sourceTree = "<group>";
		};
		63B15EA51C30C7A400518D5C /* tips */ = {
			isa = PBXGroup;
			children = (
				63B15EA81C30C7A400518D5C /* AppDelegate.swift */,
				63B15EAA1C30C7A400518D5C /* ViewController.swift */,
				63B15EAC1C30C7A400518D5C /* Main.storyboard */,
				63B15EAF1C30C7A400518D5C /* Images.xcassets */,
				63B15EB11C30C7A400518D5C /* LaunchScreen.xib */,
				63B15EA61C30C7A400518D5C /* Supporting Files */,
			);
			path = tips;
			sourceTree = "<group>";
		};
		63B15EA61C30C7A400518D5C /* Supporting Files */ = {
			isa = PBXGroup;
			children = (
				63B15EA71C30C7A400518D5C /* Info.plist */,
			);
			name = "Supporting Files";
			sourceTree = "<group>";
		};
		63B15EBB1C30C7A400518D5C /* tipsTests */ = {
			isa = PBXGroup;
			children = (
				63B15EBE1C30C7A400518D5C /* tipsTests.swift */,
				63B15EBC1C30C7A400518D5C /* Supporting Files */,
			);
			path = tipsTests;
			sourceTree = "<group>";
		};
		63B15EBC1C30C7A400518D5C /* Supporting Files */ = {
			isa = PBXGroup;
			children = (
				63B15EBD1C30C7A400518D5C /* Info.plist */,
			);
			name = "Supporting Files";
			sourceTree = "<group>";
		};
/* End PBXGroup section */

/* Begin PBXNativeTarget section */
		63B15EA21C30C7A400518D5C /* tips */ = {
			isa = PBXNativeTarget;
			buildConfigurationList = 63B15EC21C30C7A400518D5C /* Build configuration list for PBXNativeTarget "tips" */;
			buildPhases = (
				63B15E9F1C30C7A400518D5C /* Sources */,
				63B15EA01C30C7A400518D5C /* Frameworks */,
				63B15EA11C30C7A400518D5C /* Resources */,
			);
			buildRules = (
			);
			dependencies = (
			);
			name = tips;
			productName = tips;
			productReference = 63B15EA31C30C7A400518D5C /* tips.app */;
			productType = "com.apple.product-type.application";
		};
		63B15EB71C30C7A400518D5C /* tipsTests */ = {
			isa = PBXNativeTarget;
			buildConfigurationList = 63B15EC51C30C7A400518D5C /* Build configuration list for PBXNativeTarget "tipsTests" */;
			buildPhases = (
				63B15EB41C30C7A400518D5C /* Sources */,
				63B15EB51C30C7A400518D5C /* Frameworks */,
				63B15EB61C30C7A400518D5C /* Resources */,
			);
			buildRules = (
			);
			dependencies = (
				63B15EBA1C30C7A400518D5C /* PBXTargetDependency */,
			);
			name = tipsTests;
			productName = tipsTests;
			productReference = 63B15EB81C30C7A400518D5C /* tipsTests.xctest */;
			productType = "com.apple.product-type.bundle.unit-test";
		};
/* End PBXNativeTarget section */

/* Begin PBXProject section */
		63B15E9B1C30C7A400518D5C /* Project object */ = {
			isa = PBXProject;
			attributes = {
				LastUpgradeCheck = 0600;
				ORGANIZATIONNAME = david;
				TargetAttributes = {
					63B15EA21C30C7A400518D5C = {
						CreatedOnToolsVersion = 6.0.1;
					};
					63B15EB71C30C7A400518D5C = {
						CreatedOnToolsVersion = 6.0.1;
						TestTargetID = 63B15EA21C30C7A400518D5C;
					};
				};
			};
			buildConfigurationList = 63B15E9E1C30C7A400518D5C /* Build configuration list for PBXProject "tips" */;
			compatibilityVersion = "Xcode 3.2";
			developmentRegion = English;
			hasScannedForEncodings = 0;
			knownRegions = (
				en,
				Base,
			);
			mainGroup = 63B15E9A1C30C7A400518D5C;
			productRefGroup = 63B15EA41C30C7A400518D5C /* Products */;
			projectDirPath = "";
			projectRoot = "";
			targets = (
				63B15EA21C30C7A400518D5C /* tips */,
				63B15EB71C30C7A400518D5C /* tipsTests */,
			);
		};
/* End PBXProject section */

/* Begin PBXResourcesBuildPhase section */
		63B15EA11C30C7A400518D5C /* Resources */ = {
			isa = PBXResourcesBuildPhase;
			buildActionMask = 2147483647;
			files = (
				63B15EAE1C30C7A400518D5C /* Main.storyboard in Resources */,
				63B15EB31C30C7A400518D5C /* LaunchScreen.xib in Resources */,
				63B15EB01C30C7A400518D5C /* Images.xcassets in Resources */,
			);
			runOnlyForDeploymentPostprocessing = 0;
		};
		63B15EB61C30C7A400518D5C /* Resources */ = {
			isa = PBXResourcesBuildPhase;
			buildActionMask = 2147483647;
			files = (
			);
			runOnlyForDeploymentPostprocessing = 0;
		};
/* End PBXResourcesBuildPhase section */

/* Begin PBXSourcesBuildPhase section */
		63B15E9F1C30C7A400518D5C /* Sources */ = {
			isa = PBXSourcesBuildPhase;
			buildActionMask = 2147483647;
			files = (
				63B15EAB1C30C7A400518D5C /* ViewController.swift in Sources */,
				63B15EA91C30C7A400518D5C /* AppDelegate.swift in Sources */,
			);
			runOnlyForDeploymentPostprocessing = 0;
		};
		63B15EB41C30C7A400518D5C /* Sources */ = {
			isa = PBXSourcesBuildPhase;
			buildActionMask = 2147483647;
			files = (
				63B15EBF1C30C7A400518D5C /* tipsTests.swift in Sources */,
			);
			runOnlyForDeploymentPostprocessing = 0;
		};
/* End PBXSourcesBuildPhase section */

/* Begin PBXTargetDependency section */
		63B15EBA1C30C7A400518D5C /* PBXTargetDependency */ = {
			isa = PBXTargetDependency;
			target = 63B15EA21C30C7A400518D5C /* tips */;
			targetProxy = 63B15EB91C30C7A400518D5C /* PBXContainerItemProxy */;
		};
/* End PBXTargetDependency section */

/* Begin PBXVariantGroup section */
		63B15EAC1C30C7A400518D5C /* Main.storyboard */ = {
			isa = PBXVariantGroup;
			children = (
				63B15EAD1C30C7A400518D5C /* Base */,
			);
			name = Main.storyboard;
			sourceTree = "<group>";
		};
		63B15EB11C30C7A400518D5C /* LaunchScreen.xib */ = {
			isa = PBXVariantGroup;
			children = (
				63B15EB21C30C7A400518D5C /* Base */,
			);
			name = LaunchScreen.xib;
			sourceTree = "<group>";
		};
/* End PBXVariantGroup section */

/* Begin XCBuildConfiguration section */
		63B15EC01C30C7A400518D5C /* Debug */ = {
			isa = XCBuildConfiguration;
			buildSettings = {
				ALWAYS_SEARCH_USER_PATHS = NO;
				CLANG_CXX_LANGUAGE_STANDARD = "gnu++0x";
				CLANG_CXX_LIBRARY = "libc++";
				CLANG_ENABLE_MODULES = YES;
				CLANG_ENABLE_OBJC_ARC = YES;
				CLANG_WARN_BOOL_CONVERSION = YES;
				CLANG_WARN_CONSTANT_CONVERSION = YES;
				CLANG_WARN_DIRECT_OBJC_ISA_USAGE = YES_ERROR;
				CLANG_WARN_EMPTY_BODY = YES;
				CLANG_WARN_ENUM_CONVERSION = YES;
				CLANG_WARN_INT_CONVERSION = YES;
				CLANG_WARN_OBJC_ROOT_CLASS = YES_ERROR;
				CLANG_WARN_UNREACHABLE_CODE = YES;
				CLANG_WARN__DUPLICATE_METHOD_MATCH = YES;
				"CODE_SIGN_IDENTITY[sdk=iphoneos*]" = "iPhone Developer";
				COPY_PHASE_STRIP = NO;
				ENABLE_STRICT_OBJC_MSGSEND = YES;
				GCC_C_LANGUAGE_STANDARD = gnu99;
				GCC_DYNAMIC_NO_PIC = NO;
				GCC_OPTIMIZATION_LEVEL = 0;
				GCC_PREPROCESSOR_DEFINITIONS = (
					"DEBUG=1",
					"$(inherited)",
				);
				GCC_SYMBOLS_PRIVATE_EXTERN = NO;
				GCC_WARN_64_TO_32_BIT_CONVERSION = YES;
				GCC_WARN_ABOUT_RETURN_TYPE = YES_ERROR;
				GCC_WARN_UNDECLARED_SELECTOR = YES;
				GCC_WARN_UNINITIALIZED_AUTOS = YES_AGGRESSIVE;
				GCC_WARN_UNUSED_FUNCTION = YES;
				GCC_WARN_UNUSED_VARIABLE = YES;
				IPHONEOS_DEPLOYMENT_TARGET = 8.0;
				MTL_ENABLE_DEBUG_INFO = YES;
				ONLY_ACTIVE_ARCH = YES;
				SDKROOT = iphoneos;
				SWIFT_OPTIMIZATION_LEVEL = "-Onone";
			};
			name = Debug;
		};
		63B15EC11C30C7A400518D5C /* Release */ = {
			isa = XCBuildConfiguration;
			buildSettings = {
				ALWAYS_SEARCH_USER_PATHS = NO;
				CLANG_CXX_LANGUAGE_STANDARD = "gnu++0x";
				CLANG_CXX_LIBRARY = "libc++";
				CLANG_ENABLE_MODULES = YES;
				CLANG_ENABLE_OBJC_ARC = YES;
				CLANG_WARN_BOOL_CONVERSION = YES;
				CLANG_WARN_CONSTANT_CONVERSION = YES;
				CLANG_WARN_DIRECT_OBJC_ISA_USAGE = YES_ERROR;
				CLANG_WARN_EMPTY_BODY = YES;
				CLANG_WARN_ENUM_CONVERSION = YES;
				CLANG_WARN_INT_CONVERSION = YES;
				CLANG_WARN_OBJC_ROOT_CLASS = YES_ERROR;
				CLANG_WARN_UNREACHABLE_CODE = YES;
				CLANG_WARN__DUPLICATE_METHOD_MATCH = YES;
				"CODE_SIGN_IDENTITY[sdk=iphoneos*]" = "iPhone Developer";
				COPY_PHASE_STRIP = YES;
				ENABLE_NS_ASSERTIONS = NO;
				ENABLE_STRICT_OBJC_MSGSEND = YES;
				GCC_C_LANGUAGE_STANDARD = gnu99;
				GCC_WARN_64_TO_32_BIT_CONVERSION = YES;
				GCC_WARN_ABOUT_RETURN_TYPE = YES_ERROR;
				GCC_WARN_UNDECLARED_SELECTOR = YES;
				GCC_WARN_UNINITIALIZED_AUTOS = YES_AGGRESSIVE;
				GCC_WARN_UNUSED_FUNCTION = YES;
				GCC_WARN_UNUSED_VARIABLE = YES;
				IPHONEOS_DEPLOYMENT_TARGET = 8.0;
				MTL_ENABLE_DEBUG_INFO = NO;
				SDKROOT = iphoneos;
				VALIDATE_PRODUCT = YES;
			};
			name = Release;
		};
		63B15EC31C30C7A400518D5C /* Debug */ = {
			isa = XCBuildConfiguration;
			buildSettings = {
				ASSETCATALOG_COMPILER_APPICON_NAME = AppIcon;
				INFOPLIST_FILE = tips/Info.plist;
				LD_RUNPATH_SEARCH_PATHS = "$(inherited) @executable_path/Frameworks";
				PRODUCT_NAME = "$(TARGET_NAME)";
			};
			name = Debug;
		};
		63B15EC41C30C7A400518D5C /* Release */ = {
			isa = XCBuildConfiguration;
			buildSettings = {
				ASSETCATALOG_COMPILER_APPICON_NAME = AppIcon;
				INFOPLIST_FILE = tips/Info.plist;
				LD_RUNPATH_SEARCH_PATHS = "$(inherited) @executable_path/Frameworks";
				PRODUCT_NAME = "$(TARGET_NAME)";
			};
			name = Release;
		};
		63B15EC61C30C7A400518D5C /* Debug */ = {
			isa = XCBuildConfiguration;
			buildSettings = {
				BUNDLE_LOADER = "$(TEST_HOST)";
				FRAMEWORK_SEARCH_PATHS = (
					"$(SDKROOT)/Developer/Library/Frameworks",
					"$(inherited)",
				);
				GCC_PREPROCESSOR_DEFINITIONS = (
					"DEBUG=1",
					"$(inherited)",
				);
				INFOPLIST_FILE = tipsTests/Info.plist;
				LD_RUNPATH_SEARCH_PATHS = "$(inherited) @executable_path/Frameworks @loader_path/Frameworks";
				PRODUCT_NAME = "$(TARGET_NAME)";
				TEST_HOST = "$(BUILT_PRODUCTS_DIR)/tips.app/tips";
			};
			name = Debug;
		};
		63B15EC71C30C7A400518D5C /* Release */ = {
			isa = XCBuildConfiguration;
			buildSettings = {
				BUNDLE_LOADER = "$(TEST_HOST)";
				FRAMEWORK_SEARCH_PATHS = (
					"$(SDKROOT)/Developer/Library/Frameworks",
					"$(inherited)",
				);
				INFOPLIST_FILE = tipsTests/Info.plist;
				LD_RUNPATH_SEARCH_PATHS = "$(inherited) @executable_path/Frameworks @loader_path/Frameworks";
				PRODUCT_NAME = "$(TARGET_NAME)";
				TEST_HOST = "$(BUILT_PRODUCTS_DIR)/tips.app/tips";
			};
			name = Release;
		};
/* End XCBuildConfiguration section */

/* Begin XCConfigurationList section */
		63B15E9E1C30C7A400518D5C /* Build configuration list for PBXProject "tips" */ = {
			isa = XCConfigurationList;
			buildConfigurations = (
				63B15EC01C30C7A400518D5C /* Debug */,
				63B15EC11C30C7A400518D5C /* Release */,
			);
			defaultConfigurationIsVisible = 0;
			defaultConfigurationName = Release;
		};
		63B15EC21C30C7A400518D5C /* Build configuration list for PBXNativeTarget "tips" */ = {
			isa = XCConfigurationList;
			buildConfigurations = (
				63B15EC31C30C7A400518D5C /* Debug */,
				63B15EC41C30C7A400518D5C /* Release */,
			);
			defaultConfigurationIsVisible = 0;
		};
		63B15EC51C30C7A400518D5C /* Build configuration list for PBXNativeTarget "tipsTests" */ = {
			isa = XCConfigurationList;
			buildConfigurations = (
				63B15EC61C30C7A400518D5C /* Debug */,
				63B15EC71C30C7A400518D5C /* Release */,
			);
			defaultConfigurationIsVisible = 0;
		};
/* End XCConfigurationList section */
	};
	rootObject = 63B15E9B1C30C7A400518D5C /* Project object */;
}
